
Microsoft Visual Studio Solution File, Format Version 12.00
# Visual Studio 15
VisualStudioVersion = 15.0.28307.489
MinimumVisualStudioVersion = 10.0.40219.1
Project("{8BC9CEB8-8B4A-11D0-8D11-00A0C91BC942}") = "Rldydhdhfad", "Rldydhdhfad\Rldydhdhfad.vcxproj", "{BC6ACE09-0FBA-4423-88A7-01C6057EC99E}"
EndProject
Global
	GlobalSection(SolutionConfigurationPlatforms) = preSolution
		Debug|x64 = Debug|x64
		Debug|x86 = Debug|x86
		Release|x64 = Release|x64
		Release|x86 = Release|x86
	EndGlobalSection
	GlobalSection(ProjectConfigurationPlatforms) = postSolution
		{BC6ACE09-0FBA-4423-88A7-01C6057EC99E}.Debug|x64.ActiveCfg = Debug|x64
		{BC6ACE09-0FBA-4423-88A7-01C6057EC99E}.Debug|x64.Build.0 = Debug|x64
		{BC6ACE09-0FBA-4423-88A7-01C6057EC99E}.Debug|x86.ActiveCfg = Debug|Win32
		{BC6ACE09-0FBA-4423-88A7-01C6057EC99E}.Debug|x86.Build.0 = Debug|Win32
		{BC6ACE09-0FBA-4423-88A7-01C6057EC99E}.Release|x64.ActiveCfg = Release|x64
		{BC6ACE09-0FBA-4423-88A7-01C6057EC99E}.Release|x64.Build.0 = Release|x64
		{BC6ACE09-0FBA-4423-88A7-01C6057EC99E}.Release|x86.ActiveCfg = Release|Win32
		{BC6ACE09-0FBA-4423-88A7-01C6057EC99E}.Release|x86.Build.0 = Release|Win32
	EndGlobalSection
	GlobalSection(SolutionProperties) = preSolution
		HideSolutionNode = FALSE
	EndGlobalSection
	GlobalSection(ExtensibilityGlobals) = postSolution
		SolutionGuid = {7F12FFA0-A79C-4FE4-9E24-2054549A8300}
	EndGlobalSection
EndGlobal
